
Microsoft Visual Studio Solution File, Format Version 12.00
# Visual Studio Version 16
VisualStudioVersion = 16.0.30503.244
MinimumVisualStudioVersion = 10.0.40219.1
Project("{FAE04EC0-301F-11D3-BF4B-00C04F79EFBC}") = "Automat vanzari", "Automat vanzari\Automat vanzari.csproj", "{A858C0AF-8661-40EE-AE99-7643F5312051}"
EndProject
Global
	GlobalSection(SolutionConfigurationPlatforms) = preSolution
		Debug|Any CPU = Debug|Any CPU
		Release|Any CPU = Release|Any CPU
	EndGlobalSection
	GlobalSection(ProjectConfigurationPlatforms) = postSolution
		{A858C0AF-8661-40EE-AE99-7643F5312051}.Debug|Any CPU.ActiveCfg = Debug|Any CPU
		{A858C0AF-8661-40EE-AE99-7643F5312051}.Debug|Any CPU.Build.0 = Debug|Any CPU
		{A858C0AF-8661-40EE-AE99-7643F5312051}.Release|Any CPU.ActiveCfg = Release|Any CPU
		{A858C0AF-8661-40EE-AE99-7643F5312051}.Release|Any CPU.Build.0 = Release|Any CPU
	EndGlobalSection
	GlobalSection(SolutionProperties) = preSolution
		HideSolutionNode = FALSE
	EndGlobalSection
	GlobalSection(ExtensibilityGlobals) = postSolution
		SolutionGuid = {985BEFC8-BA18-402A-A544-27D72A7DA399}
	EndGlobalSection
EndGlobal
